
Microsoft Visual Studio Solution File, Format Version 12.00
# Visual Studio 15
VisualStudioVersion = 15.0.28307.757
MinimumVisualStudioVersion = 10.0.40219.1
Project("{FAE04EC0-301F-11D3-BF4B-00C04F79EFBC}") = "DesafioPartnerGroupJorisson", "DesafioPartnerGroupJorisson\DesafioPartnerGroupJorisson.csproj", "{0C028F72-80FE-4A6F-8F1F-5A0833AFE179}"
EndProject
Global
	GlobalSection(SolutionConfigurationPlatforms) = preSolution
		Debug|Any CPU = Debug|Any CPU
		Release|Any CPU = Release|Any CPU
	EndGlobalSection
	GlobalSection(ProjectConfigurationPlatforms) = postSolution
		{0C028F72-80FE-4A6F-8F1F-5A0833AFE179}.Debug|Any CPU.ActiveCfg = Debug|Any CPU
		{0C028F72-80FE-4A6F-8F1F-5A0833AFE179}.Debug|Any CPU.Build.0 = Debug|Any CPU
		{0C028F72-80FE-4A6F-8F1F-5A0833AFE179}.Release|Any CPU.ActiveCfg = Release|Any CPU
		{0C028F72-80FE-4A6F-8F1F-5A0833AFE179}.Release|Any CPU.Build.0 = Release|Any CPU
	EndGlobalSection
	GlobalSection(SolutionProperties) = preSolution
		HideSolutionNode = FALSE
	EndGlobalSection
	GlobalSection(ExtensibilityGlobals) = postSolution
		SolutionGuid = {55EF406D-2670-4CF5-9A4C-A1A548B0C487}
	EndGlobalSection
EndGlobal
