
Microsoft Visual Studio Solution File, Format Version 12.00
# Visual Studio Version 16
VisualStudioVersion = 16.0.29709.97
MinimumVisualStudioVersion = 10.0.40219.1
Project("{888888A0-9F3D-457C-B088-3A5042F75D52}") = "Treinar_Phyton", "Treinar_Phyton\Treinar_Phyton.pyproj", "{F272E67A-7FAE-44FE-9E75-E1BF8DE17029}"
EndProject
Global
	GlobalSection(SolutionConfigurationPlatforms) = preSolution
		Debug|Any CPU = Debug|Any CPU
		Release|Any CPU = Release|Any CPU
	EndGlobalSection
	GlobalSection(ProjectConfigurationPlatforms) = postSolution
		{F272E67A-7FAE-44FE-9E75-E1BF8DE17029}.Debug|Any CPU.ActiveCfg = Debug|Any CPU
		{F272E67A-7FAE-44FE-9E75-E1BF8DE17029}.Release|Any CPU.ActiveCfg = Release|Any CPU
	EndGlobalSection
	GlobalSection(SolutionProperties) = preSolution
		HideSolutionNode = FALSE
	EndGlobalSection
	GlobalSection(ExtensibilityGlobals) = postSolution
		SolutionGuid = {5CCADAA4-7B25-40F8-A485-BE8204E267CD}
	EndGlobalSection
EndGlobal
